// !$*UTF8*$!
{
	archiveVersion = 1;
	classes = {
	};
	objectVersion = 46;
	objects = {

/* Begin PBXBuildFile section */
		BA0F61931DF61FF3008A0A62 /* AppDelegate.swift in Sources */ = {isa = PBXBuildFile; fileRef = BA0F61921DF61FF3008A0A62 /* AppDelegate.swift */; };
		BA0F61951DF61FF3008A0A62 /* ViewController.swift in Sources */ = {isa = PBXBuildFile; fileRef = BA0F61941DF61FF3008A0A62 /* ViewController.swift */; };
		BA0F61981DF61FF3008A0A62 /* Main.storyboard in Resources */ = {isa = PBXBuildFile; fileRef = BA0F61961DF61FF3008A0A62 /* Main.storyboard */; };
		BA0F619A1DF61FF3008A0A62 /* Assets.xcassets in Resources */ = {isa = PBXBuildFile; fileRef = BA0F61991DF61FF3008A0A62 /* Assets.xcassets */; };
		BA0F619D1DF61FF3008A0A62 /* LaunchScreen.storyboard in Resources */ = {isa = PBXBuildFile; fileRef = BA0F619B1DF61FF3008A0A62 /* LaunchScreen.storyboard */; };
		BA0F61A81DF6527F008A0A62 /* B18161_MoskMobile_KD_Mockup_1.jpg in Resources */ = {isa = PBXBuildFile; fileRef = BA0F61A71DF6527F008A0A62 /* B18161_MoskMobile_KD_Mockup_1.jpg */; };
		BA0F61AA1DF6563B008A0A62 /* MainTableViewCell.swift in Sources */ = {isa = PBXBuildFile; fileRef = BA0F61A91DF6563B008A0A62 /* MainTableViewCell.swift */; };
		BA3D23451DFB583800D82922 /* SafariViewController.swift in Sources */ = {isa = PBXBuildFile; fileRef = BA3D23441DFB583800D82922 /* SafariViewController.swift */; };
/* End PBXBuildFile section */

/* Begin PBXFileReference section */
		BA0F618F1DF61FF3008A0A62 /* Project 2.app */ = {isa = PBXFileReference; explicitFileType = wrapper.application; includeInIndex = 0; path = "Project 2.app"; sourceTree = BUILT_PRODUCTS_DIR; };
		BA0F61921DF61FF3008A0A62 /* AppDelegate.swift */ = {isa = PBXFileReference; lastKnownFileType = sourcecode.swift; path = AppDelegate.swift; sourceTree = "<group>"; };
		BA0F61941DF61FF3008A0A62 /* ViewController.swift */ = {isa = PBXFileReference; lastKnownFileType = sourcecode.swift; path = ViewController.swift; sourceTree = "<group>"; };
		BA0F61971DF61FF3008A0A62 /* Base */ = {isa = PBXFileReference; lastKnownFileType = file.storyboard; name = Base; path = Base.lproj/Main.storyboard; sourceTree = "<group>"; };
		BA0F61991DF61FF3008A0A62 /* Assets.xcassets */ = {isa = PBXFileReference; lastKnownFileType = folder.assetcatalog; path = Assets.xcassets; sourceTree = "<group>"; };
		BA0F619C1DF61FF3008A0A62 /* Base */ = {isa = PBXFileReference; lastKnownFileType = file.storyboard; name = Base; path = Base.lproj/LaunchScreen.storyboard; sourceTree = "<group>"; };
		BA0F619E1DF61FF3008A0A62 /* Info.plist */ = {isa = PBXFileReference; lastKnownFileType = text.plist.xml; path = Info.plist; sourceTree = "<group>"; };
		BA0F61A71DF6527F008A0A62 /* B18161_MoskMobile_KD_Mockup_1.jpg */ = {isa = PBXFileReference; lastKnownFileType = image.jpeg; name = B18161_MoskMobile_KD_Mockup_1.jpg; path = ../../../../../Logos/B18161_MoskMobile_KD_Mockup_1.jpg; sourceTree = "<group>"; };
		BA0F61A91DF6563B008A0A62 /* MainTableViewCell.swift */ = {isa = PBXFileReference; fileEncoding = 4; lastKnownFileType = sourcecode.swift; path = MainTableViewCell.swift; sourceTree = "<group>"; };
		BA3D23441DFB583800D82922 /* SafariViewController.swift */ = {isa = PBXFileReference; fileEncoding = 4; lastKnownFileType = sourcecode.swift; path = SafariViewController.swift; sourceTree = "<group>"; };
/* End PBXFileReference section */

/* Begin PBXFrameworksBuildPhase section */
		BA0F618C1DF61FF3008A0A62 /* Frameworks */ = {
			isa = PBXFrameworksBuildPhase;
			buildActionMask = 2147483647;
			files = (
			);
			runOnlyForDeploymentPostprocessing = 0;
		};
/* End PBXFrameworksBuildPhase section */

/* Begin PBXGroup section */
		BA0F61861DF61FF3008A0A62 = {
			isa = PBXGroup;
			children = (
				BA0F61911DF61FF3008A0A62 /* Project 2 */,
				BA0F61901DF61FF3008A0A62 /* Products */,
			);
			sourceTree = "<group>";
		};
		BA0F61901DF61FF3008A0A62 /* Products */ = {
			isa = PBXGroup;
			children = (
				BA0F618F1DF61FF3008A0A62 /* Project 2.app */,
			);
			name = Products;
			sourceTree = "<group>";
		};
		BA0F61911DF61FF3008A0A62 /* Project 2 */ = {
			isa = PBXGroup;
			children = (
				BA0F61A61DF6511B008A0A62 /* Data */,
				BA0F61A51DF65111008A0A62 /* Logic */,
				BA0F61A41DF6510C008A0A62 /* UI */,
				BA0F61991DF61FF3008A0A62 /* Assets.xcassets */,
				BA0F61A71DF6527F008A0A62 /* B18161_MoskMobile_KD_Mockup_1.jpg */,
				BA0F619E1DF61FF3008A0A62 /* Info.plist */,
			);
			path = "Project 2";
			sourceTree = "<group>";
		};
		BA0F61A41DF6510C008A0A62 /* UI */ = {
			isa = PBXGroup;
			children = (
				BA0F61961DF61FF3008A0A62 /* Main.storyboard */,
				BA0F619B1DF61FF3008A0A62 /* LaunchScreen.storyboard */,
			);
			name = UI;
			sourceTree = "<group>";
		};
		BA0F61A51DF65111008A0A62 /* Logic */ = {
			isa = PBXGroup;
			children = (
				BA0F61921DF61FF3008A0A62 /* AppDelegate.swift */,
				BA0F61941DF61FF3008A0A62 /* ViewController.swift */,
				BA0F61A91DF6563B008A0A62 /* MainTableViewCell.swift */,
				BA3D23441DFB583800D82922 /* SafariViewController.swift */,
			);
			name = Logic;
			sourceTree = "<group>";
		};
		BA0F61A61DF6511B008A0A62 /* Data */ = {
			isa = PBXGroup;
			children = (
			);
			name = Data;
			sourceTree = "<group>";
		};
/* End PBXGroup section */

/* Begin PBXNativeTarget section */
		BA0F618E1DF61FF3008A0A62 /* Project 2 */ = {
			isa = PBXNativeTarget;
			buildConfigurationList = BA0F61A11DF61FF3008A0A62 /* Build configuration list for PBXNativeTarget "Project 2" */;
			buildPhases = (
				BA0F618B1DF61FF3008A0A62 /* Sources */,
				BA0F618C1DF61FF3008A0A62 /* Frameworks */,
				BA0F618D1DF61FF3008A0A62 /* Resources */,
			);
			buildRules = (
			);
			dependencies = (
			);
			name = "Project 2";
			productName = "Project 2";
			productReference = BA0F618F1DF61FF3008A0A62 /* Project 2.app */;
			productType = "com.apple.product-type.application";
		};
/* End PBXNativeTarget section */

/* Begin PBXProject section */
		BA0F61871DF61FF3008A0A62 /* Project object */ = {
			isa = PBXProject;
			attributes = {
				LastSwiftUpdateCheck = 0810;
				LastUpgradeCheck = 0810;
				ORGANIZATIONNAME = "Andrew Moskowitz";
				TargetAttributes = {
					BA0F618E1DF61FF3008A0A62 = {
						CreatedOnToolsVersion = 8.1;
						DevelopmentTeam = PTXFTHG55Z;
						ProvisioningStyle = Automatic;
					};
				};
			};
			buildConfigurationList = BA0F618A1DF61FF3008A0A62 /* Build configuration list for PBXProject "Project 2" */;
			compatibilityVersion = "Xcode 3.2";
			developmentRegion = English;
			hasScannedForEncodings = 0;
			knownRegions = (
				en,
				Base,
			);
			mainGroup = BA0F61861DF61FF3008A0A62;
			productRefGroup = BA0F61901DF61FF3008A0A62 /* Products */;
			projectDirPath = "";
			projectRoot = "";
			targets = (
				BA0F618E1DF61FF3008A0A62 /* Project 2 */,
			);
		};
/* End PBXProject section */

/* Begin PBXResourcesBuildPhase section */
		BA0F618D1DF61FF3008A0A62 /* Resources */ = {
			isa = PBXResourcesBuildPhase;
			buildActionMask = 2147483647;
			files = (
				BA0F61A81DF6527F008A0A62 /* B18161_MoskMobile_KD_Mockup_1.jpg in Resources */,
				BA0F619D1DF61FF3008A0A62 /* LaunchScreen.storyboard in Resources */,
				BA0F619A1DF61FF3008A0A62 /* Assets.xcassets in Resources */,
				BA0F61981DF61FF3008A0A62 /* Main.storyboard in Resources */,
			);
			runOnlyForDeploymentPostprocessing = 0;
		};
/* End PBXResourcesBuildPhase section */

/* Begin PBXSourcesBuildPhase section */
		BA0F618B1DF61FF3008A0A62 /* Sources */ = {
			isa = PBXSourcesBuildPhase;
			buildActionMask = 2147483647;
			files = (
				BA0F61951DF61FF3008A0A62 /* ViewController.swift in Sources */,
				BA0F61AA1DF6563B008A0A62 /* MainTableViewCell.swift in Sources */,
				BA3D23451DFB583800D82922 /* SafariViewController.swift in Sources */,
				BA0F61931DF61FF3008A0A62 /* AppDelegate.swift in Sources */,
			);
			runOnlyForDeploymentPostprocessing = 0;
		};
/* End PBXSourcesBuildPhase section */

/* Begin PBXVariantGroup section */
		BA0F61961DF61FF3008A0A62 /* Main.storyboard */ = {
			isa = PBXVariantGroup;
			children = (
				BA0F61971DF61FF3008A0A62 /* Base */,
			);
			name = Main.storyboard;
			sourceTree = "<group>";
		};
		BA0F619B1DF61FF3008A0A62 /* LaunchScreen.storyboard */ = {
			isa = PBXVariantGroup;
			children = (
				BA0F619C1DF61FF3008A0A62 /* Base */,
			);
			name = LaunchScreen.storyboard;
			sourceTree = "<group>";
		};
/* End PBXVariantGroup section */

/* Begin XCBuildConfiguration section */
		BA0F619F1DF61FF3008A0A62 /* Debug */ = {
			isa = XCBuildConfiguration;
			buildSettings = {
				ALWAYS_SEARCH_USER_PATHS = NO;
				CLANG_ANALYZER_NONNULL = YES;
				CLANG_CXX_LANGUAGE_STANDARD = "gnu++0x";
				CLANG_CXX_LIBRARY = "libc++";
				CLANG_ENABLE_MODULES = YES;
				CLANG_ENABLE_OBJC_ARC = YES;
				CLANG_WARN_BOOL_CONVERSION = YES;
				CLANG_WARN_CONSTANT_CONVERSION = YES;
				CLANG_WARN_DIRECT_OBJC_ISA_USAGE = YES_ERROR;
				CLANG_WARN_DOCUMENTATION_COMMENTS = YES;
				CLANG_WARN_EMPTY_BODY = YES;
				CLANG_WARN_ENUM_CONVERSION = YES;
				CLANG_WARN_INFINITE_RECURSION = YES;
				CLANG_WARN_INT_CONVERSION = YES;
				CLANG_WARN_OBJC_ROOT_CLASS = YES_ERROR;
				CLANG_WARN_SUSPICIOUS_MOVES = YES;
				CLANG_WARN_UNREACHABLE_CODE = YES;
				CLANG_WARN__DUPLICATE_METHOD_MATCH = YES;
				"CODE_SIGN_IDENTITY[sdk=iphoneos*]" = "iPhone Developer";
				COPY_PHASE_STRIP = NO;
				DEBUG_INFORMATION_FORMAT = dwarf;
				ENABLE_STRICT_OBJC_MSGSEND = YES;
				ENABLE_TESTABILITY = YES;
				GCC_C_LANGUAGE_STANDARD = gnu99;
				GCC_DYNAMIC_NO_PIC = NO;
				GCC_NO_COMMON_BLOCKS = YES;
				GCC_OPTIMIZATION_LEVEL = 0;
				GCC_PREPROCESSOR_DEFINITIONS = (
					"DEBUG=1",
					"$(inherited)",
				);
				GCC_WARN_64_TO_32_BIT_CONVERSION = YES;
				GCC_WARN_ABOUT_RETURN_TYPE = YES_ERROR;
				GCC_WARN_UNDECLARED_SELECTOR = YES;
				GCC_WARN_UNINITIALIZED_AUTOS = YES_AGGRESSIVE;
				GCC_WARN_UNUSED_FUNCTION = YES;
				GCC_WARN_UNUSED_VARIABLE = YES;
				IPHONEOS_DEPLOYMENT_TARGET = 10.1;
				MTL_ENABLE_DEBUG_INFO = YES;
				ONLY_ACTIVE_ARCH = YES;
				SDKROOT = iphoneos;
				SWIFT_ACTIVE_COMPILATION_CONDITIONS = DEBUG;
				SWIFT_OPTIMIZATION_LEVEL = "-Onone";
			};
			name = Debug;
		};
		BA0F61A01DF61FF3008A0A62 /* Release */ = {
			isa = XCBuildConfiguration;
			buildSettings = {
				ALWAYS_SEARCH_USER_PATHS = NO;
				CLANG_ANALYZER_NONNULL = YES;
				CLANG_CXX_LANGUAGE_STANDARD = "gnu++0x";
				CLANG_CXX_LIBRARY = "libc++";
				CLANG_ENABLE_MODULES = YES;
				CLANG_ENABLE_OBJC_ARC = YES;
				CLANG_WARN_BOOL_CONVERSION = YES;
				CLANG_WARN_CONSTANT_CONVERSION = YES;
				CLANG_WARN_DIRECT_OBJC_ISA_USAGE = YES_ERROR;
				CLANG_WARN_DOCUMENTATION_COMMENTS = YES;
				CLANG_WARN_EMPTY_BODY = YES;
				CLANG_WARN_ENUM_CONVERSION = YES;
				CLANG_WARN_INFINITE_RECURSION = YES;
				CLANG_WARN_INT_CONVERSION = YES;
				CLANG_WARN_OBJC_ROOT_CLASS = YES_ERROR;
				CLANG_WARN_SUSPICIOUS_MOVES = YES;
				CLANG_WARN_UNREACHABLE_CODE = YES;
				CLANG_WARN__DUPLICATE_METHOD_MATCH = YES;
				"CODE_SIGN_IDENTITY[sdk=iphoneos*]" = "iPhone Developer";
				COPY_PHASE_STRIP = NO;
				DEBUG_INFORMATION_FORMAT = "dwarf-with-dsym";
				ENABLE_NS_ASSERTIONS = NO;
				ENABLE_STRICT_OBJC_MSGSEND = YES;
				GCC_C_LANGUAGE_STANDARD = gnu99;
				GCC_NO_COMMON_BLOCKS = YES;
				GCC_WARN_64_TO_32_BIT_CONVERSION = YES;
				GCC_WARN_ABOUT_RETURN_TYPE = YES_ERROR;
				GCC_WARN_UNDECLARED_SELECTOR = YES;
				GCC_WARN_UNINITIALIZED_AUTOS = YES_AGGRESSIVE;
				GCC_WARN_UNUSED_FUNCTION = YES;
				GCC_WARN_UNUSED_VARIABLE = YES;
				IPHONEOS_DEPLOYMENT_TARGET = 10.1;
				MTL_ENABLE_DEBUG_INFO = NO;
				SDKROOT = iphoneos;
				SWIFT_OPTIMIZATION_LEVEL = "-Owholemodule";
				VALIDATE_PRODUCT = YES;
			};
			name = Release;
		};
		BA0F61A21DF61FF3008A0A62 /* Debug */ = {
			isa = XCBuildConfiguration;
			buildSettings = {
				ASSETCATALOG_COMPILER_APPICON_NAME = AppIcon;
				DEVELOPMENT_TEAM = PTXFTHG55Z;
				INFOPLIST_FILE = "Project 2/Info.plist";
				LD_RUNPATH_SEARCH_PATHS = "$(inherited) @executable_path/Frameworks";
				PRODUCT_BUNDLE_IDENTIFIER = "com.andrewmoskowitz.Project-2";
				PRODUCT_NAME = "$(TARGET_NAME)";
				SWIFT_VERSION = 3.0;
			};
			name = Debug;
		};
		BA0F61A31DF61FF3008A0A62 /* Release */ = {
			isa = XCBuildConfiguration;
			buildSettings = {
				ASSETCATALOG_COMPILER_APPICON_NAME = AppIcon;
				DEVELOPMENT_TEAM = PTXFTHG55Z;
				INFOPLIST_FILE = "Project 2/Info.plist";
				LD_RUNPATH_SEARCH_PATHS = "$(inherited) @executable_path/Frameworks";
				PRODUCT_BUNDLE_IDENTIFIER = "com.andrewmoskowitz.Project-2";
				PRODUCT_NAME = "$(TARGET_NAME)";
				SWIFT_VERSION = 3.0;
			};
			name = Release;
		};
/* End XCBuildConfiguration section */

/* Begin XCConfigurationList section */
		BA0F618A1DF61FF3008A0A62 /* Build configuration list for PBXProject "Project 2" */ = {
			isa = XCConfigurationList;
			buildConfigurations = (
				BA0F619F1DF61FF3008A0A62 /* Debug */,
				BA0F61A01DF61FF3008A0A62 /* Release */,
			);
			defaultConfigurationIsVisible = 0;
			defaultConfigurationName = Release;
		};
		BA0F61A11DF61FF3008A0A62 /* Build configuration list for PBXNativeTarget "Project 2" */ = {
			isa = XCConfigurationList;
			buildConfigurations = (
				BA0F61A21DF61FF3008A0A62 /* Debug */,
				BA0F61A31DF61FF3008A0A62 /* Release */,
			);
			defaultConfigurationIsVisible = 0;
			defaultConfigurationName = Release;
		};
/* End XCConfigurationList section */
	};
	rootObject = BA0F61871DF61FF3008A0A62 /* Project object */;
}
